
Microsoft Visual Studio Solution File, Format Version 12.00
# Visual Studio Version 16
VisualStudioVersion = 16.0.32510.428
MinimumVisualStudioVersion = 10.0.40219.1
Project("{FAE04EC0-301F-11D3-BF4B-00C04F79EFBC}") = "appPrueba3", "appPrueba3\appPrueba3.csproj", "{3B25EBEC-0C94-42DE-98F2-600CD5C5AD5A}"
EndProject
Global
	GlobalSection(SolutionConfigurationPlatforms) = preSolution
		Debug|Any CPU = Debug|Any CPU
		Release|Any CPU = Release|Any CPU
	EndGlobalSection
	GlobalSection(ProjectConfigurationPlatforms) = postSolution
		{3B25EBEC-0C94-42DE-98F2-600CD5C5AD5A}.Debug|Any CPU.ActiveCfg = Debug|Any CPU
		{3B25EBEC-0C94-42DE-98F2-600CD5C5AD5A}.Debug|Any CPU.Build.0 = Debug|Any CPU
		{3B25EBEC-0C94-42DE-98F2-600CD5C5AD5A}.Release|Any CPU.ActiveCfg = Release|Any CPU
		{3B25EBEC-0C94-42DE-98F2-600CD5C5AD5A}.Release|Any CPU.Build.0 = Release|Any CPU
	EndGlobalSection
	GlobalSection(SolutionProperties) = preSolution
		HideSolutionNode = FALSE
	EndGlobalSection
	GlobalSection(ExtensibilityGlobals) = postSolution
		SolutionGuid = {ECF4AC4E-99AA-463E-B956-027495A9B8E4}
	EndGlobalSection
EndGlobal
